
Microsoft Visual Studio Solution File, Format Version 12.00
# Visual Studio Version 17
VisualStudioVersion = 17.8.34511.84
MinimumVisualStudioVersion = 10.0.40219.1
Project("{FAE04EC0-301F-11D3-BF4B-00C04F79EFBC}") = "sample-api-mongodb.Api", "sample-api-mongodb.Api\sample-api-mongodb.Api.csproj", "{1895263A-CC40-4308-838E-F8FD9626F3C6}"
EndProject
Project("{FAE04EC0-301F-11D3-BF4B-00C04F79EFBC}") = "sample-api-mongodb.Core", "sample-api-mongodb.Core\sample-api-mongodb.Core.csproj", "{AC765892-46DE-4B67-A775-002ABD9D2B44}"
EndProject
Project("{FAE04EC0-301F-11D3-BF4B-00C04F79EFBC}") = "sample-api-mongodb.Infrastructure", "sample-api-mongodb.Infrastructure\sample-api-mongodb.Infrastructure.csproj", "{E20A0F80-7BB8-4879-BF08-B95578C40FE9}"
EndProject
Global
	GlobalSection(SolutionConfigurationPlatforms) = preSolution
		Debug|Any CPU = Debug|Any CPU
		Release|Any CPU = Release|Any CPU
	EndGlobalSection
	GlobalSection(ProjectConfigurationPlatforms) = postSolution
		{1895263A-CC40-4308-838E-F8FD9626F3C6}.Debug|Any CPU.ActiveCfg = Debug|Any CPU
		{1895263A-CC40-4308-838E-F8FD9626F3C6}.Debug|Any CPU.Build.0 = Debug|Any CPU
		{1895263A-CC40-4308-838E-F8FD9626F3C6}.Release|Any CPU.ActiveCfg = Release|Any CPU
		{1895263A-CC40-4308-838E-F8FD9626F3C6}.Release|Any CPU.Build.0 = Release|Any CPU
		{AC765892-46DE-4B67-A775-002ABD9D2B44}.Debug|Any CPU.ActiveCfg = Debug|Any CPU
		{AC765892-46DE-4B67-A775-002ABD9D2B44}.Debug|Any CPU.Build.0 = Debug|Any CPU
		{AC765892-46DE-4B67-A775-002ABD9D2B44}.Release|Any CPU.ActiveCfg = Release|Any CPU
		{AC765892-46DE-4B67-A775-002ABD9D2B44}.Release|Any CPU.Build.0 = Release|Any CPU
		{E20A0F80-7BB8-4879-BF08-B95578C40FE9}.Debug|Any CPU.ActiveCfg = Debug|Any CPU
		{E20A0F80-7BB8-4879-BF08-B95578C40FE9}.Debug|Any CPU.Build.0 = Debug|Any CPU
		{E20A0F80-7BB8-4879-BF08-B95578C40FE9}.Release|Any CPU.ActiveCfg = Release|Any CPU
		{E20A0F80-7BB8-4879-BF08-B95578C40FE9}.Release|Any CPU.Build.0 = Release|Any CPU
	EndGlobalSection
	GlobalSection(SolutionProperties) = preSolution
		HideSolutionNode = FALSE
	EndGlobalSection
	GlobalSection(ExtensibilityGlobals) = postSolution
		SolutionGuid = {684E9A25-ACF6-46E3-B334-2615460457CE}
	EndGlobalSection
EndGlobal
